# Exact direct runtime dependency pins for local and CI installs.
# Keep this file aligned with [project.dependencies] in pyproject.toml.
boto3==1.34.0
celery[redis]==5.4.0
clickhouse-connect==0.8.0
dagster==1.8.0
dagster-docker==0.24.0
dagster-postgres==0.24.0
dagster-webserver==1.8.0
duckdb==1.1.0
fastapi==0.115.0
flower==2.0.0
openpyxl==3.1.0
orjson==3.10.0
pandas==2.2.0
psycopg[binary]==3.2.0
pyarrow==18.0.0
pydantic==2.9.0
pydantic-settings==2.5.0
python-multipart==0.0.9
redis==5.0.0
requests==2.32.0
sqlalchemy==2.0.0
tenacity==9.0.0
uvicorn[standard]==0.30.0
